Microsoft Visual Studio Solution File, Format Version 11.00
# Visual Studio 2008

Project("{789DA33C-3101-9E86-40E5-95CC15DE08A9}") = "2DGamePractice", "Assembly-CSharp.csproj", "{A17B7EEB-8037-0322-923F-1D1C1006E34E}"
EndProject
Global
	GlobalSection(SolutionConfigurationPlatforms) = preSolution
		Debug|Any CPU = Debug|Any CPU
		Release|Any CPU = Release|Any CPU
	EndGlobalSection
	GlobalSection(ProjectConfigurationPlatforms) = postSolution
		{A17B7EEB-8037-0322-923F-1D1C1006E34E}.Debug|Any CPU.ActiveCfg = Debug|Any CPU
		{A17B7EEB-8037-0322-923F-1D1C1006E34E}.Debug|Any CPU.Build.0 = Debug|Any CPU
		{A17B7EEB-8037-0322-923F-1D1C1006E34E}.Release|Any CPU.ActiveCfg = Release|Any CPU
		{A17B7EEB-8037-0322-923F-1D1C1006E34E}.Release|Any CPU.Build.0 = Release|Any CPU
	EndGlobalSection
	GlobalSection(SolutionProperties) = preSolution
		HideSolutionNode = FALSE
	EndGlobalSection
	GlobalSection(MonoDevelopProperties) = preSolution
		StartupItem = Assembly-CSharp.csproj
	EndGlobalSection
EndGlobal
